// !$*UTF8*$!
{
	archiveVersion = 1;
	classes = {
	};
	objectVersion = 50;
	objects = {

/* Begin PBXBuildFile section */
		182F75672120452500C69682 /* AppDelegate.swift in Sources */ = {isa = PBXBuildFile; fileRef = 182F75662120452500C69682 /* AppDelegate.swift */; };
		182F75692120452500C69682 /* ViewController.swift in Sources */ = {isa = PBXBuildFile; fileRef = 182F75682120452500C69682 /* ViewController.swift */; };
		182F756C2120452500C69682 /* Main.storyboard in Resources */ = {isa = PBXBuildFile; fileRef = 182F756A2120452500C69682 /* Main.storyboard */; };
		182F756E2120452600C69682 /* Assets.xcassets in Resources */ = {isa = PBXBuildFile; fileRef = 182F756D2120452600C69682 /* Assets.xcassets */; };
		182F75712120452600C69682 /* LaunchScreen.storyboard in Resources */ = {isa = PBXBuildFile; fileRef = 182F756F2120452600C69682 /* LaunchScreen.storyboard */; };
		182F757C2120452700C69682 /* ExamTests.swift in Sources */ = {isa = PBXBuildFile; fileRef = 182F757B2120452700C69682 /* ExamTests.swift */; };
		182F75872120452700C69682 /* ExamUITests.swift in Sources */ = {isa = PBXBuildFile; fileRef = 182F75862120452700C69682 /* ExamUITests.swift */; };
		183D2E7B212548F8004972DF /* Exam.swift in Sources */ = {isa = PBXBuildFile; fileRef = 183D2E7A212548F8004972DF /* Exam.swift */; };
		1888A8952122E00400F4599E /* ExamCellTableViewCell.swift in Sources */ = {isa = PBXBuildFile; fileRef = 1888A8942122E00400F4599E /* ExamCellTableViewCell.swift */; };
		18EF4F182121C89800D1EF95 /* ViewController2.swift in Sources */ = {isa = PBXBuildFile; fileRef = 18EF4F172121C89800D1EF95 /* ViewController2.swift */; };
/* End PBXBuildFile section */

/* Begin PBXContainerItemProxy section */
		182F75782120452700C69682 /* PBXContainerItemProxy */ = {
			isa = PBXContainerItemProxy;
			containerPortal = 182F755B2120452400C69682 /* Project object */;
			proxyType = 1;
			remoteGlobalIDString = 182F75622120452400C69682;
			remoteInfo = Exam;
		};
		182F75832120452700C69682 /* PBXContainerItemProxy */ = {
			isa = PBXContainerItemProxy;
			containerPortal = 182F755B2120452400C69682 /* Project object */;
			proxyType = 1;
			remoteGlobalIDString = 182F75622120452400C69682;
			remoteInfo = Exam;
		};
/* End PBXContainerItemProxy section */

/* Begin PBXFileReference section */
		182F75632120452500C69682 /* Exam.app */ = {isa = PBXFileReference; explicitFileType = wrapper.application; includeInIndex = 0; path = Exam.app; sourceTree = BUILT_PRODUCTS_DIR; };
		182F75662120452500C69682 /* AppDelegate.swift */ = {isa = PBXFileReference; lastKnownFileType = sourcecode.swift; path = AppDelegate.swift; sourceTree = "<group>"; };
		182F75682120452500C69682 /* ViewController.swift */ = {isa = PBXFileReference; lastKnownFileType = sourcecode.swift; path = ViewController.swift; sourceTree = "<group>"; };
		182F756B2120452500C69682 /* Base */ = {isa = PBXFileReference; lastKnownFileType = file.storyboard; name = Base; path = Base.lproj/Main.storyboard; sourceTree = "<group>"; };
		182F756D2120452600C69682 /* Assets.xcassets */ = {isa = PBXFileReference; lastKnownFileType = folder.assetcatalog; path = Assets.xcassets; sourceTree = "<group>"; };
		182F75702120452600C69682 /* Base */ = {isa = PBXFileReference; lastKnownFileType = file.storyboard; name = Base; path = Base.lproj/LaunchScreen.storyboard; sourceTree = "<group>"; };
		182F75722120452600C69682 /* Info.plist */ = {isa = PBXFileReference; lastKnownFileType = text.plist.xml; path = Info.plist; sourceTree = "<group>"; };
		182F75772120452700C69682 /* ExamTests.xctest */ = {isa = PBXFileReference; explicitFileType = wrapper.cfbundle; includeInIndex = 0; path = ExamTests.xctest; sourceTree = BUILT_PRODUCTS_DIR; };
		182F757B2120452700C69682 /* ExamTests.swift */ = {isa = PBXFileReference; lastKnownFileType = sourcecode.swift; path = ExamTests.swift; sourceTree = "<group>"; };
		182F757D2120452700C69682 /* Info.plist */ = {isa = PBXFileReference; lastKnownFileType = text.plist.xml; path = Info.plist; sourceTree = "<group>"; };
		182F75822120452700C69682 /* ExamUITests.xctest */ = {isa = PBXFileReference; explicitFileType = wrapper.cfbundle; includeInIndex = 0; path = ExamUITests.xctest; sourceTree = BUILT_PRODUCTS_DIR; };
		182F75862120452700C69682 /* ExamUITests.swift */ = {isa = PBXFileReference; lastKnownFileType = sourcecode.swift; path = ExamUITests.swift; sourceTree = "<group>"; };
		182F75882120452700C69682 /* Info.plist */ = {isa = PBXFileReference; lastKnownFileType = text.plist.xml; path = Info.plist; sourceTree = "<group>"; };
		183D2E7A212548F8004972DF /* Exam.swift */ = {isa = PBXFileReference; lastKnownFileType = sourcecode.swift; path = Exam.swift; sourceTree = "<group>"; };
		1888A8942122E00400F4599E /* ExamCellTableViewCell.swift */ = {isa = PBXFileReference; lastKnownFileType = sourcecode.swift; path = ExamCellTableViewCell.swift; sourceTree = "<group>"; };
		18EF4F172121C89800D1EF95 /* ViewController2.swift */ = {isa = PBXFileReference; lastKnownFileType = sourcecode.swift; path = ViewController2.swift; sourceTree = "<group>"; };
/* End PBXFileReference section */

/* Begin PBXFrameworksBuildPhase section */
		182F75602120452400C69682 /* Frameworks */ = {
			isa = PBXFrameworksBuildPhase;
			buildActionMask = 2147483647;
			files = (
			);
			runOnlyForDeploymentPostprocessing = 0;
		};
		182F75742120452700C69682 /* Frameworks */ = {
			isa = PBXFrameworksBuildPhase;
			buildActionMask = 2147483647;
			files = (
			);
			runOnlyForDeploymentPostprocessing = 0;
		};
		182F757F2120452700C69682 /* Frameworks */ = {
			isa = PBXFrameworksBuildPhase;
			buildActionMask = 2147483647;
			files = (
			);
			runOnlyForDeploymentPostprocessing = 0;
		};
/* End PBXFrameworksBuildPhase section */

/* Begin PBXGroup section */
		182F755A2120452400C69682 = {
			isa = PBXGroup;
			children = (
				182F75652120452500C69682 /* Exam */,
				182F757A2120452700C69682 /* ExamTests */,
				182F75852120452700C69682 /* ExamUITests */,
				182F75642120452500C69682 /* Products */,
			);
			sourceTree = "<group>";
		};
		182F75642120452500C69682 /* Products */ = {
			isa = PBXGroup;
			children = (
				182F75632120452500C69682 /* Exam.app */,
				182F75772120452700C69682 /* ExamTests.xctest */,
				182F75822120452700C69682 /* ExamUITests.xctest */,
			);
			name = Products;
			sourceTree = "<group>";
		};
		182F75652120452500C69682 /* Exam */ = {
			isa = PBXGroup;
			children = (
				182F75662120452500C69682 /* AppDelegate.swift */,
				182F75682120452500C69682 /* ViewController.swift */,
				182F756A2120452500C69682 /* Main.storyboard */,
				182F756D2120452600C69682 /* Assets.xcassets */,
				182F756F2120452600C69682 /* LaunchScreen.storyboard */,
				182F75722120452600C69682 /* Info.plist */,
				18EF4F172121C89800D1EF95 /* ViewController2.swift */,
				1888A8942122E00400F4599E /* ExamCellTableViewCell.swift */,
				183D2E7A212548F8004972DF /* Exam.swift */,
			);
			path = Exam;
			sourceTree = "<group>";
		};
		182F757A2120452700C69682 /* ExamTests */ = {
			isa = PBXGroup;
			children = (
				182F757B2120452700C69682 /* ExamTests.swift */,
				182F757D2120452700C69682 /* Info.plist */,
			);
			path = ExamTests;
			sourceTree = "<group>";
		};
		182F75852120452700C69682 /* ExamUITests */ = {
			isa = PBXGroup;
			children = (
				182F75862120452700C69682 /* ExamUITests.swift */,
				182F75882120452700C69682 /* Info.plist */,
			);
			path = ExamUITests;
			sourceTree = "<group>";
		};
/* End PBXGroup section */

/* Begin PBXNativeTarget section */
		182F75622120452400C69682 /* Exam */ = {
			isa = PBXNativeTarget;
			buildConfigurationList = 182F758B2120452700C69682 /* Build configuration list for PBXNativeTarget "Exam" */;
			buildPhases = (
				182F755F2120452400C69682 /* Sources */,
				182F75602120452400C69682 /* Frameworks */,
				182F75612120452400C69682 /* Resources */,
			);
			buildRules = (
			);
			dependencies = (
			);
			name = Exam;
			productName = Exam;
			productReference = 182F75632120452500C69682 /* Exam.app */;
			productType = "com.apple.product-type.application";
		};
		182F75762120452700C69682 /* ExamTests */ = {
			isa = PBXNativeTarget;
			buildConfigurationList = 182F758E2120452700C69682 /* Build configuration list for PBXNativeTarget "ExamTests" */;
			buildPhases = (
				182F75732120452700C69682 /* Sources */,
				182F75742120452700C69682 /* Frameworks */,
				182F75752120452700C69682 /* Resources */,
			);
			buildRules = (
			);
			dependencies = (
				182F75792120452700C69682 /* PBXTargetDependency */,
			);
			name = ExamTests;
			productName = ExamTests;
			productReference = 182F75772120452700C69682 /* ExamTests.xctest */;
			productType = "com.apple.product-type.bundle.unit-test";
		};
		182F75812120452700C69682 /* ExamUITests */ = {
			isa = PBXNativeTarget;
			buildConfigurationList = 182F75912120452700C69682 /* Build configuration list for PBXNativeTarget "ExamUITests" */;
			buildPhases = (
				182F757E2120452700C69682 /* Sources */,
				182F757F2120452700C69682 /* Frameworks */,
				182F75802120452700C69682 /* Resources */,
			);
			buildRules = (
			);
			dependencies = (
				182F75842120452700C69682 /* PBXTargetDependency */,
			);
			name = ExamUITests;
			productName = ExamUITests;
			productReference = 182F75822120452700C69682 /* ExamUITests.xctest */;
			productType = "com.apple.product-type.bundle.ui-testing";
		};
/* End PBXNativeTarget section */

/* Begin PBXProject section */
		182F755B2120452400C69682 /* Project object */ = {
			isa = PBXProject;
			attributes = {
				LastSwiftUpdateCheck = 1000;
				LastUpgradeCheck = 1000;
				ORGANIZATIONNAME = SJK;
				TargetAttributes = {
					182F75622120452400C69682 = {
						CreatedOnToolsVersion = 10.0;
					};
					182F75762120452700C69682 = {
						CreatedOnToolsVersion = 10.0;
						TestTargetID = 182F75622120452400C69682;
					};
					182F75812120452700C69682 = {
						CreatedOnToolsVersion = 10.0;
						TestTargetID = 182F75622120452400C69682;
					};
				};
			};
			buildConfigurationList = 182F755E2120452400C69682 /* Build configuration list for PBXProject "Exam" */;
			compatibilityVersion = "Xcode 9.3";
			developmentRegion = en;
			hasScannedForEncodings = 0;
			knownRegions = (
				en,
				Base,
			);
			mainGroup = 182F755A2120452400C69682;
			productRefGroup = 182F75642120452500C69682 /* Products */;
			projectDirPath = "";
			projectRoot = "";
			targets = (
				182F75622120452400C69682 /* Exam */,
				182F75762120452700C69682 /* ExamTests */,
				182F75812120452700C69682 /* ExamUITests */,
			);
		};
/* End PBXProject section */

/* Begin PBXResourcesBuildPhase section */
		182F75612120452400C69682 /* Resources */ = {
			isa = PBXResourcesBuildPhase;
			buildActionMask = 2147483647;
			files = (
				182F75712120452600C69682 /* LaunchScreen.storyboard in Resources */,
				182F756E2120452600C69682 /* Assets.xcassets in Resources */,
				182F756C2120452500C69682 /* Main.storyboard in Resources */,
			);
			runOnlyForDeploymentPostprocessing = 0;
		};
		182F75752120452700C69682 /* Resources */ = {
			isa = PBXResourcesBuildPhase;
			buildActionMask = 2147483647;
			files = (
			);
			runOnlyForDeploymentPostprocessing = 0;
		};
		182F75802120452700C69682 /* Resources */ = {
			isa = PBXResourcesBuildPhase;
			buildActionMask = 2147483647;
			files = (
			);
			runOnlyForDeploymentPostprocessing = 0;
		};
/* End PBXResourcesBuildPhase section */

/* Begin PBXSourcesBuildPhase section */
		182F755F2120452400C69682 /* Sources */ = {
			isa = PBXSourcesBuildPhase;
			buildActionMask = 2147483647;
			files = (
				1888A8952122E00400F4599E /* ExamCellTableViewCell.swift in Sources */,
				183D2E7B212548F8004972DF /* Exam.swift in Sources */,
				182F75692120452500C69682 /* ViewController.swift in Sources */,
				182F75672120452500C69682 /* AppDelegate.swift in Sources */,
				18EF4F182121C89800D1EF95 /* ViewController2.swift in Sources */,
			);
			runOnlyForDeploymentPostprocessing = 0;
		};
		182F75732120452700C69682 /* Sources */ = {
			isa = PBXSourcesBuildPhase;
			buildActionMask = 2147483647;
			files = (
				182F757C2120452700C69682 /* ExamTests.swift in Sources */,
			);
			runOnlyForDeploymentPostprocessing = 0;
		};
		182F757E2120452700C69682 /* Sources */ = {
			isa = PBXSourcesBuildPhase;
			buildActionMask = 2147483647;
			files = (
				182F75872120452700C69682 /* ExamUITests.swift in Sources */,
			);
			runOnlyForDeploymentPostprocessing = 0;
		};
/* End PBXSourcesBuildPhase section */

/* Begin PBXTargetDependency section */
		182F75792120452700C69682 /* PBXTargetDependency */ = {
			isa = PBXTargetDependency;
			target = 182F75622120452400C69682 /* Exam */;
			targetProxy = 182F75782120452700C69682 /* PBXContainerItemProxy */;
		};
		182F75842120452700C69682 /* PBXTargetDependency */ = {
			isa = PBXTargetDependency;
			target = 182F75622120452400C69682 /* Exam */;
			targetProxy = 182F75832120452700C69682 /* PBXContainerItemProxy */;
		};
/* End PBXTargetDependency section */

/* Begin PBXVariantGroup section */
		182F756A2120452500C69682 /* Main.storyboard */ = {
			isa = PBXVariantGroup;
			children = (
				182F756B2120452500C69682 /* Base */,
			);
			name = Main.storyboard;
			sourceTree = "<group>";
		};
		182F756F2120452600C69682 /* LaunchScreen.storyboard */ = {
			isa = PBXVariantGroup;
			children = (
				182F75702120452600C69682 /* Base */,
			);
			name = LaunchScreen.storyboard;
			sourceTree = "<group>";
		};
/* End PBXVariantGroup section */

/* Begin XCBuildConfiguration section */
		182F75892120452700C69682 /* Debug */ = {
			isa = XCBuildConfiguration;
			buildSettings = {
				ALWAYS_SEARCH_USER_PATHS = NO;
				CLANG_ANALYZER_NONNULL = YES;
				CLANG_ANALYZER_NUMBER_OBJECT_CONVERSION = YES_AGGRESSIVE;
				CLANG_CXX_LANGUAGE_STANDARD = "gnu++14";
				CLANG_CXX_LIBRARY = "libc++";
				CLANG_ENABLE_MODULES = YES;
				CLANG_ENABLE_OBJC_ARC = YES;
				CLANG_ENABLE_OBJC_WEAK = YES;
				CLANG_WARN_BLOCK_CAPTURE_AUTORELEASING = YES;
				CLANG_WARN_BOOL_CONVERSION = YES;
				CLANG_WARN_COMMA = YES;
				CLANG_WARN_CONSTANT_CONVERSION = YES;
				CLANG_WARN_DEPRECATED_OBJC_IMPLEMENTATIONS = YES;
				CLANG_WARN_DIRECT_OBJC_ISA_USAGE = YES_ERROR;
				CLANG_WARN_DOCUMENTATION_COMMENTS = YES;
				CLANG_WARN_EMPTY_BODY = YES;
				CLANG_WARN_ENUM_CONVERSION = YES;
				CLANG_WARN_INFINITE_RECURSION = YES;
				CLANG_WARN_INT_CONVERSION = YES;
				CLANG_WARN_NON_LITERAL_NULL_CONVERSION = YES;
				CLANG_WARN_OBJC_IMPLICIT_RETAIN_SELF = YES;
				CLANG_WARN_OBJC_LITERAL_CONVERSION = YES;
				CLANG_WARN_OBJC_ROOT_CLASS = YES_ERROR;
				CLANG_WARN_RANGE_LOOP_ANALYSIS = YES;
				CLANG_WARN_STRICT_PROTOTYPES = YES;
				CLANG_WARN_SUSPICIOUS_MOVE = YES;
				CLANG_WARN_UNGUARDED_AVAILABILITY = YES_AGGRESSIVE;
				CLANG_WARN_UNREACHABLE_CODE = YES;
				CLANG_WARN__DUPLICATE_METHOD_MATCH = YES;
				CODE_SIGN_IDENTITY = "iPhone Developer";
				COPY_PHASE_STRIP = NO;
				DEBUG_INFORMATION_FORMAT = dwarf;
				ENABLE_STRICT_OBJC_MSGSEND = YES;
				ENABLE_TESTABILITY = YES;
				GCC_C_LANGUAGE_STANDARD = gnu11;
				GCC_DYNAMIC_NO_PIC = NO;
				GCC_NO_COMMON_BLOCKS = YES;
				GCC_OPTIMIZATION_LEVEL = 0;
				GCC_PREPROCESSOR_DEFINITIONS = (
					"DEBUG=1",
					"$(inherited)",
				);
				GCC_WARN_64_TO_32_BIT_CONVERSION = YES;
				GCC_WARN_ABOUT_RETURN_TYPE = YES_ERROR;
				GCC_WARN_UNDECLARED_SELECTOR = YES;
				GCC_WARN_UNINITIALIZED_AUTOS = YES_AGGRESSIVE;
				GCC_WARN_UNUSED_FUNCTION = YES;
				GCC_WARN_UNUSED_VARIABLE = YES;
				IPHONEOS_DEPLOYMENT_TARGET = 12.0;
				MTL_ENABLE_DEBUG_INFO = INCLUDE_SOURCE;
				MTL_FAST_MATH = YES;
				ONLY_ACTIVE_ARCH = YES;
				SDKROOT = iphoneos;
				SWIFT_ACTIVE_COMPILATION_CONDITIONS = DEBUG;
				SWIFT_OPTIMIZATION_LEVEL = "-Onone";
			};
			name = Debug;
		};
		182F758A2120452700C69682 /* Release */ = {
			isa = XCBuildConfiguration;
			buildSettings = {
				ALWAYS_SEARCH_USER_PATHS = NO;
				CLANG_ANALYZER_NONNULL = YES;
				CLANG_ANALYZER_NUMBER_OBJECT_CONVERSION = YES_AGGRESSIVE;
				CLANG_CXX_LANGUAGE_STANDARD = "gnu++14";
				CLANG_CXX_LIBRARY = "libc++";
				CLANG_ENABLE_MODULES = YES;
				CLANG_ENABLE_OBJC_ARC = YES;
				CLANG_ENABLE_OBJC_WEAK = YES;
				CLANG_WARN_BLOCK_CAPTURE_AUTORELEASING = YES;
				CLANG_WARN_BOOL_CONVERSION = YES;
				CLANG_WARN_COMMA = YES;
				CLANG_WARN_CONSTANT_CONVERSION = YES;
				CLANG_WARN_DEPRECATED_OBJC_IMPLEMENTATIONS = YES;
				CLANG_WARN_DIRECT_OBJC_ISA_USAGE = YES_ERROR;
				CLANG_WARN_DOCUMENTATION_COMMENTS = YES;
				CLANG_WARN_EMPTY_BODY = YES;
				CLANG_WARN_ENUM_CONVERSION = YES;
				CLANG_WARN_INFINITE_RECURSION = YES;
				CLANG_WARN_INT_CONVERSION = YES;
				CLANG_WARN_NON_LITERAL_NULL_CONVERSION = YES;
				CLANG_WARN_OBJC_IMPLICIT_RETAIN_SELF = YES;
				CLANG_WARN_OBJC_LITERAL_CONVERSION = YES;
				CLANG_WARN_OBJC_ROOT_CLASS = YES_ERROR;
				CLANG_WARN_RANGE_LOOP_ANALYSIS = YES;
				CLANG_WARN_STRICT_PROTOTYPES = YES;
				CLANG_WARN_SUSPICIOUS_MOVE = YES;
				CLANG_WARN_UNGUARDED_AVAILABILITY = YES_AGGRESSIVE;
				CLANG_WARN_UNREACHABLE_CODE = YES;
				CLANG_WARN__DUPLICATE_METHOD_MATCH = YES;
				CODE_SIGN_IDENTITY = "iPhone Developer";
				COPY_PHASE_STRIP = NO;
				DEBUG_INFORMATION_FORMAT = "dwarf-with-dsym";
				ENABLE_NS_ASSERTIONS = NO;
				ENABLE_STRICT_OBJC_MSGSEND = YES;
				GCC_C_LANGUAGE_STANDARD = gnu11;
				GCC_NO_COMMON_BLOCKS = YES;
				GCC_WARN_64_TO_32_BIT_CONVERSION = YES;
				GCC_WARN_ABOUT_RETURN_TYPE = YES_ERROR;
				GCC_WARN_UNDECLARED_SELECTOR = YES;
				GCC_WARN_UNINITIALIZED_AUTOS = YES_AGGRESSIVE;
				GCC_WARN_UNUSED_FUNCTION = YES;
				GCC_WARN_UNUSED_VARIABLE = YES;
				IPHONEOS_DEPLOYMENT_TARGET = 12.0;
				MTL_ENABLE_DEBUG_INFO = NO;
				MTL_FAST_MATH = YES;
				SDKROOT = iphoneos;
				SWIFT_COMPILATION_MODE = wholemodule;
				SWIFT_OPTIMIZATION_LEVEL = "-O";
				VALIDATE_PRODUCT = YES;
			};
			name = Release;
		};
		182F758C2120452700C69682 /* Debug */ = {
			isa = XCBuildConfiguration;
			buildSettings = {
				ASSETCATALOG_COMPILER_APPICON_NAME = AppIcon;
				ASSETCATALOG_COMPILER_LAUNCHIMAGE_NAME = LaunchImage;
				CODE_SIGN_STYLE = Automatic;
				DEVELOPMENT_TEAM = BL2LUS7246;
				INFOPLIST_FILE = Exam/Info.plist;
				IPHONEOS_DEPLOYMENT_TARGET = 9.0;
				LD_RUNPATH_SEARCH_PATHS = (
					"$(inherited)",
					"@executable_path/Frameworks",
				);
				PRODUCT_BUNDLE_IDENTIFIER = com.sjk.Exam;
				PRODUCT_NAME = "$(TARGET_NAME)";
				SWIFT_VERSION = 4.2;
				TARGETED_DEVICE_FAMILY = 1;
			};
			name = Debug;
		};
		182F758D2120452700C69682 /* Release */ = {
			isa = XCBuildConfiguration;
			buildSettings = {
				ASSETCATALOG_COMPILER_APPICON_NAME = AppIcon;
				ASSETCATALOG_COMPILER_LAUNCHIMAGE_NAME = LaunchImage;
				CODE_SIGN_STYLE = Automatic;
				DEVELOPMENT_TEAM = BL2LUS7246;
				INFOPLIST_FILE = Exam/Info.plist;
				IPHONEOS_DEPLOYMENT_TARGET = 9.0;
				LD_RUNPATH_SEARCH_PATHS = (
					"$(inherited)",
					"@executable_path/Frameworks",
				);
				PRODUCT_BUNDLE_IDENTIFIER = com.sjk.Exam;
				PRODUCT_NAME = "$(TARGET_NAME)";
				SWIFT_VERSION = 4.2;
				TARGETED_DEVICE_FAMILY = 1;
			};
			name = Release;
		};
		182F758F2120452700C69682 /* Debug */ = {
			isa = XCBuildConfiguration;
			buildSettings = {
				ALWAYS_EMBED_SWIFT_STANDARD_LIBRARIES = YES;
				BUNDLE_LOADER = "$(TEST_HOST)";
				CODE_SIGN_STYLE = Automatic;
				DEVELOPMENT_TEAM = BL2LUS7246;
				INFOPLIST_FILE = ExamTests/Info.plist;
				LD_RUNPATH_SEARCH_PATHS = (
					"$(inherited)",
					"@executable_path/Frameworks",
					"@loader_path/Frameworks",
				);
				PRODUCT_BUNDLE_IDENTIFIER = com.sjk.ExamTests;
				PRODUCT_NAME = "$(TARGET_NAME)";
				SWIFT_VERSION = 4.2;
				TARGETED_DEVICE_FAMILY = "1,2";
				TEST_HOST = "$(BUILT_PRODUCTS_DIR)/Exam.app/Exam";
			};
			name = Debug;
		};
		182F75902120452700C69682 /* Release */ = {
			isa = XCBuildConfiguration;
			buildSettings = {
				ALWAYS_EMBED_SWIFT_STANDARD_LIBRARIES = YES;
				BUNDLE_LOADER = "$(TEST_HOST)";
				CODE_SIGN_STYLE = Automatic;
				DEVELOPMENT_TEAM = BL2LUS7246;
				INFOPLIST_FILE = ExamTests/Info.plist;
				LD_RUNPATH_SEARCH_PATHS = (
					"$(inherited)",
					"@executable_path/Frameworks",
					"@loader_path/Frameworks",
				);
				PRODUCT_BUNDLE_IDENTIFIER = com.sjk.ExamTests;
				PRODUCT_NAME = "$(TARGET_NAME)";
				SWIFT_VERSION = 4.2;
				TARGETED_DEVICE_FAMILY = "1,2";
				TEST_HOST = "$(BUILT_PRODUCTS_DIR)/Exam.app/Exam";
			};
			name = Release;
		};
		182F75922120452700C69682 /* Debug */ = {
			isa = XCBuildConfiguration;
			buildSettings = {
				ALWAYS_EMBED_SWIFT_STANDARD_LIBRARIES = YES;
				CODE_SIGN_STYLE = Automatic;
				DEVELOPMENT_TEAM = BL2LUS7246;
				INFOPLIST_FILE = ExamUITests/Info.plist;
				LD_RUNPATH_SEARCH_PATHS = (
					"$(inherited)",
					"@executable_path/Frameworks",
					"@loader_path/Frameworks",
				);
				PRODUCT_BUNDLE_IDENTIFIER = com.sjk.ExamUITests;
				PRODUCT_NAME = "$(TARGET_NAME)";
				SWIFT_VERSION = 4.2;
				TARGETED_DEVICE_FAMILY = "1,2";
				TEST_TARGET_NAME = Exam;
			};
			name = Debug;
		};
		182F75932120452700C69682 /* Release */ = {
			isa = XCBuildConfiguration;
			buildSettings = {
				ALWAYS_EMBED_SWIFT_STANDARD_LIBRARIES = YES;
				CODE_SIGN_STYLE = Automatic;
				DEVELOPMENT_TEAM = BL2LUS7246;
				INFOPLIST_FILE = ExamUITests/Info.plist;
				LD_RUNPATH_SEARCH_PATHS = (
					"$(inherited)",
					"@executable_path/Frameworks",
					"@loader_path/Frameworks",
				);
				PRODUCT_BUNDLE_IDENTIFIER = com.sjk.ExamUITests;
				PRODUCT_NAME = "$(TARGET_NAME)";
				SWIFT_VERSION = 4.2;
				TARGETED_DEVICE_FAMILY = "1,2";
				TEST_TARGET_NAME = Exam;
			};
			name = Release;
		};
/* End XCBuildConfiguration section */

/* Begin XCConfigurationList section */
		182F755E2120452400C69682 /* Build configuration list for PBXProject "Exam" */ = {
			isa = XCConfigurationList;
			buildConfigurations = (
				182F75892120452700C69682 /* Debug */,
				182F758A2120452700C69682 /* Release */,
			);
			defaultConfigurationIsVisible = 0;
			defaultConfigurationName = Release;
		};
		182F758B2120452700C69682 /* Build configuration list for PBXNativeTarget "Exam" */ = {
			isa = XCConfigurationList;
			buildConfigurations = (
				182F758C2120452700C69682 /* Debug */,
				182F758D2120452700C69682 /* Release */,
			);
			defaultConfigurationIsVisible = 0;
			defaultConfigurationName = Release;
		};
		182F758E2120452700C69682 /* Build configuration list for PBXNativeTarget "ExamTests" */ = {
			isa = XCConfigurationList;
			buildConfigurations = (
				182F758F2120452700C69682 /* Debug */,
				182F75902120452700C69682 /* Release */,
			);
			defaultConfigurationIsVisible = 0;
			defaultConfigurationName = Release;
		};
		182F75912120452700C69682 /* Build configuration list for PBXNativeTarget "ExamUITests" */ = {
			isa = XCConfigurationList;
			buildConfigurations = (
				182F75922120452700C69682 /* Debug */,
				182F75932120452700C69682 /* Release */,
			);
			defaultConfigurationIsVisible = 0;
			defaultConfigurationName = Release;
		};
/* End XCConfigurationList section */
	};
	rootObject = 182F755B2120452400C69682 /* Project object */;
}
